
Microsoft Visual Studio Solution File, Format Version 12.00
# Visual Studio Version 17
VisualStudioVersion = 17.1.32328.378
MinimumVisualStudioVersion = 10.0.40219.1
Project("{FAE04EC0-301F-11D3-BF4B-00C04F79EFBC}") = "ConsoleApp.Project", "ConsoleApp.Project\ConsoleApp.Project.csproj", "{0E2EC5A7-A65D-4B5B-BD95-CCA2E9FC8DFC}"
EndProject
Global
	GlobalSection(SolutionConfigurationPlatforms) = preSolution
		Debug|Any CPU = Debug|Any CPU
		Release|Any CPU = Release|Any CPU
	EndGlobalSection
	GlobalSection(ProjectConfigurationPlatforms) = postSolution
		{0E2EC5A7-A65D-4B5B-BD95-CCA2E9FC8DFC}.Debug|Any CPU.ActiveCfg = Debug|Any CPU
		{0E2EC5A7-A65D-4B5B-BD95-CCA2E9FC8DFC}.Debug|Any CPU.Build.0 = Debug|Any CPU
		{0E2EC5A7-A65D-4B5B-BD95-CCA2E9FC8DFC}.Release|Any CPU.ActiveCfg = Release|Any CPU
		{0E2EC5A7-A65D-4B5B-BD95-CCA2E9FC8DFC}.Release|Any CPU.Build.0 = Release|Any CPU
	EndGlobalSection
	GlobalSection(SolutionProperties) = preSolution
		HideSolutionNode = FALSE
	EndGlobalSection
	GlobalSection(ExtensibilityGlobals) = postSolution
		SolutionGuid = {23EA6360-7089-4D3D-B705-58E15145077D}
	EndGlobalSection
EndGlobal
