
Microsoft Visual Studio Solution File, Format Version 12.00
# Visual Studio Version 17
VisualStudioVersion = 17.1.32328.378
MinimumVisualStudioVersion = 10.0.40219.1
Project("{9A19103F-16F7-4668-BE54-9A1E7A4F7556}") = "DatabaseDemo", "DatabaseDemo\DatabaseDemo.csproj", "{B687C54A-DCDA-4720-802C-8D4EF55FBBCA}"
EndProject
Project("{FAE04EC0-301F-11D3-BF4B-00C04F79EFBC}") = "DatabaseDemo.Repositories", "DatabaseDemo.Repositories\DatabaseDemo.Repositories.csproj", "{3AD89323-EE1C-42D7-A480-39D0CC0C46AD}"
EndProject
Project("{FAE04EC0-301F-11D3-BF4B-00C04F79EFBC}") = "DatabaseDemo.DatabaseUpdater", "DatabaseDemo.DatabaseUpdater\DatabaseDemo.DatabaseUpdater.csproj", "{682F7B25-C6AC-4326-A06B-A65A33BCF50A}"
EndProject
Global
	GlobalSection(SolutionConfigurationPlatforms) = preSolution
		Debug|Any CPU = Debug|Any CPU
		Release|Any CPU = Release|Any CPU
	EndGlobalSection
	GlobalSection(ProjectConfigurationPlatforms) = postSolution
		{B687C54A-DCDA-4720-802C-8D4EF55FBBCA}.Debug|Any CPU.ActiveCfg = Debug|Any CPU
		{B687C54A-DCDA-4720-802C-8D4EF55FBBCA}.Debug|Any CPU.Build.0 = Debug|Any CPU
		{B687C54A-DCDA-4720-802C-8D4EF55FBBCA}.Release|Any CPU.ActiveCfg = Release|Any CPU
		{B687C54A-DCDA-4720-802C-8D4EF55FBBCA}.Release|Any CPU.Build.0 = Release|Any CPU
		{3AD89323-EE1C-42D7-A480-39D0CC0C46AD}.Debug|Any CPU.ActiveCfg = Debug|Any CPU
		{3AD89323-EE1C-42D7-A480-39D0CC0C46AD}.Debug|Any CPU.Build.0 = Debug|Any CPU
		{3AD89323-EE1C-42D7-A480-39D0CC0C46AD}.Release|Any CPU.ActiveCfg = Release|Any CPU
		{3AD89323-EE1C-42D7-A480-39D0CC0C46AD}.Release|Any CPU.Build.0 = Release|Any CPU
		{682F7B25-C6AC-4326-A06B-A65A33BCF50A}.Debug|Any CPU.ActiveCfg = Debug|Any CPU
		{682F7B25-C6AC-4326-A06B-A65A33BCF50A}.Debug|Any CPU.Build.0 = Debug|Any CPU
		{682F7B25-C6AC-4326-A06B-A65A33BCF50A}.Release|Any CPU.ActiveCfg = Release|Any CPU
		{682F7B25-C6AC-4326-A06B-A65A33BCF50A}.Release|Any CPU.Build.0 = Release|Any CPU
	EndGlobalSection
	GlobalSection(SolutionProperties) = preSolution
		HideSolutionNode = FALSE
	EndGlobalSection
	GlobalSection(ExtensibilityGlobals) = postSolution
		SolutionGuid = {A99A7363-2290-430B-81CB-B944CBE1B5E9}
	EndGlobalSection
EndGlobal
