
Microsoft Visual Studio Solution File, Format Version 12.00
# Visual Studio Version 17
VisualStudioVersion = 17.1.32328.378
MinimumVisualStudioVersion = 10.0.40219.1
Project("{9A19103F-16F7-4668-BE54-9A1E7A4F7556}") = "HelmTest", "HelmTest\HelmTest.csproj", "{A82ACD24-9860-43D3-9BCE-E437D14DBC76}"
EndProject
Project("{E53339B2-1760-4266-BCC7-CA923CBCF16C}") = "docker-compose", "docker-compose.dcproj", "{6A94F972-3850-4002-BB2F-F73116B0EE5B}"
EndProject
Global
	GlobalSection(SolutionConfigurationPlatforms) = preSolution
		Debug|Any CPU = Debug|Any CPU
		Release|Any CPU = Release|Any CPU
	EndGlobalSection
	GlobalSection(ProjectConfigurationPlatforms) = postSolution
		{A82ACD24-9860-43D3-9BCE-E437D14DBC76}.Debug|Any CPU.ActiveCfg = Debug|Any CPU
		{A82ACD24-9860-43D3-9BCE-E437D14DBC76}.Debug|Any CPU.Build.0 = Debug|Any CPU
		{A82ACD24-9860-43D3-9BCE-E437D14DBC76}.Release|Any CPU.ActiveCfg = Release|Any CPU
		{A82ACD24-9860-43D3-9BCE-E437D14DBC76}.Release|Any CPU.Build.0 = Release|Any CPU
		{6A94F972-3850-4002-BB2F-F73116B0EE5B}.Debug|Any CPU.ActiveCfg = Debug|Any CPU
		{6A94F972-3850-4002-BB2F-F73116B0EE5B}.Debug|Any CPU.Build.0 = Debug|Any CPU
		{6A94F972-3850-4002-BB2F-F73116B0EE5B}.Release|Any CPU.ActiveCfg = Release|Any CPU
		{6A94F972-3850-4002-BB2F-F73116B0EE5B}.Release|Any CPU.Build.0 = Release|Any CPU
	EndGlobalSection
	GlobalSection(SolutionProperties) = preSolution
		HideSolutionNode = FALSE
	EndGlobalSection
	GlobalSection(ExtensibilityGlobals) = postSolution
		SolutionGuid = {73BBCFA9-7E72-4FE2-AF48-8D6AE7F4D703}
	EndGlobalSection
EndGlobal
