
Microsoft Visual Studio Solution File, Format Version 12.00
# Visual Studio Version 17
VisualStudioVersion = 17.1.32328.378
MinimumVisualStudioVersion = 10.0.40219.1
Project("{FAE04EC0-301F-11D3-BF4B-00C04F79EFBC}") = "Revision", "Revision\Revision.csproj", "{9744B16C-71DB-43E7-8174-348A98904997}"
EndProject
Project("{FAE04EC0-301F-11D3-BF4B-00C04F79EFBC}") = "UnitTests", "UnitTests\UnitTests.csproj", "{E01C90B5-60F4-4223-A6AC-23CF06C19A2C}"
EndProject
Global
	GlobalSection(SolutionConfigurationPlatforms) = preSolution
		Debug|Any CPU = Debug|Any CPU
		Release|Any CPU = Release|Any CPU
	EndGlobalSection
	GlobalSection(ProjectConfigurationPlatforms) = postSolution
		{9744B16C-71DB-43E7-8174-348A98904997}.Debug|Any CPU.ActiveCfg = Debug|Any CPU
		{9744B16C-71DB-43E7-8174-348A98904997}.Debug|Any CPU.Build.0 = Debug|Any CPU
		{9744B16C-71DB-43E7-8174-348A98904997}.Release|Any CPU.ActiveCfg = Release|Any CPU
		{9744B16C-71DB-43E7-8174-348A98904997}.Release|Any CPU.Build.0 = Release|Any CPU
		{E01C90B5-60F4-4223-A6AC-23CF06C19A2C}.Debug|Any CPU.ActiveCfg = Debug|Any CPU
		{E01C90B5-60F4-4223-A6AC-23CF06C19A2C}.Debug|Any CPU.Build.0 = Debug|Any CPU
		{E01C90B5-60F4-4223-A6AC-23CF06C19A2C}.Release|Any CPU.ActiveCfg = Release|Any CPU
		{E01C90B5-60F4-4223-A6AC-23CF06C19A2C}.Release|Any CPU.Build.0 = Release|Any CPU
	EndGlobalSection
	GlobalSection(SolutionProperties) = preSolution
		HideSolutionNode = FALSE
	EndGlobalSection
	GlobalSection(ExtensibilityGlobals) = postSolution
		SolutionGuid = {611DF0B5-6612-469A-AAB8-F109C09D46E1}
	EndGlobalSection
EndGlobal
