
Microsoft Visual Studio Solution File, Format Version 12.00
# Visual Studio Version 17
VisualStudioVersion = 17.1.32328.378
MinimumVisualStudioVersion = 10.0.40219.1
Project("{FAE04EC0-301F-11D3-BF4B-00C04F79EFBC}") = "ShopApplication.ConsoleRunner", "ShopApplication.ConsoleRunner\ShopApplication.ConsoleRunner.csproj", "{8C5DCAA7-7DE0-446C-B6E7-3844D7BC45D1}"
EndProject
Global
	GlobalSection(SolutionConfigurationPlatforms) = preSolution
		Debug|Any CPU = Debug|Any CPU
		Release|Any CPU = Release|Any CPU
	EndGlobalSection
	GlobalSection(ProjectConfigurationPlatforms) = postSolution
		{8C5DCAA7-7DE0-446C-B6E7-3844D7BC45D1}.Debug|Any CPU.ActiveCfg = Debug|Any CPU
		{8C5DCAA7-7DE0-446C-B6E7-3844D7BC45D1}.Debug|Any CPU.Build.0 = Debug|Any CPU
		{8C5DCAA7-7DE0-446C-B6E7-3844D7BC45D1}.Release|Any CPU.ActiveCfg = Release|Any CPU
		{8C5DCAA7-7DE0-446C-B6E7-3844D7BC45D1}.Release|Any CPU.Build.0 = Release|Any CPU
	EndGlobalSection
	GlobalSection(SolutionProperties) = preSolution
		HideSolutionNode = FALSE
	EndGlobalSection
	GlobalSection(ExtensibilityGlobals) = postSolution
		SolutionGuid = {373E1796-13C4-4677-B367-D35292EF1DB2}
	EndGlobalSection
EndGlobal
